
Microsoft Visual Studio Solution File, Format Version 12.00
# Visual Studio Version 17
VisualStudioVersion = 17.0.31903.59
MinimumVisualStudioVersion = 10.0.40219.1
Project("{FAE04EC0-301F-11D3-BF4B-00C04F79EFBC}") = "Sorting.Console", "Sorting.Console\Sorting.Console.csproj", "{FCE39D1B-8F91-4BF6-8A00-E51475A0A79D}"
EndProject
Project("{FAE04EC0-301F-11D3-BF4B-00C04F79EFBC}") = "Sorting.Core", "Sorting.Core\Sorting.Core.csproj", "{76CFAA1C-9D65-4A75-9CB4-1822936485D7}"
EndProject
Project("{FAE04EC0-301F-11D3-BF4B-00C04F79EFBC}") = "Sorting.Benchmarks", "Sorting.Benchmarks\Sorting.Benchmarks.csproj", "{B4159B7F-C44C-4FE0-BED9-22F0FD60B5CF}"
EndProject
Project("{FAE04EC0-301F-11D3-BF4B-00C04F79EFBC}") = "Sorting.Core.Tests", "Sorting.Core.Tests\Sorting.Core.Tests.csproj", "{EC4B97F0-6381-4C45-9CDA-992E607671FF}"
EndProject
Global
	GlobalSection(SolutionConfigurationPlatforms) = preSolution
		Debug|Any CPU = Debug|Any CPU
		Release|Any CPU = Release|Any CPU
	EndGlobalSection
	GlobalSection(SolutionProperties) = preSolution
		HideSolutionNode = FALSE
	EndGlobalSection
	GlobalSection(ProjectConfigurationPlatforms) = postSolution
		{FCE39D1B-8F91-4BF6-8A00-E51475A0A79D}.Debug|Any CPU.ActiveCfg = Debug|Any CPU
		{FCE39D1B-8F91-4BF6-8A00-E51475A0A79D}.Debug|Any CPU.Build.0 = Debug|Any CPU
		{FCE39D1B-8F91-4BF6-8A00-E51475A0A79D}.Release|Any CPU.ActiveCfg = Release|Any CPU
		{FCE39D1B-8F91-4BF6-8A00-E51475A0A79D}.Release|Any CPU.Build.0 = Release|Any CPU
		{76CFAA1C-9D65-4A75-9CB4-1822936485D7}.Debug|Any CPU.ActiveCfg = Debug|Any CPU
		{76CFAA1C-9D65-4A75-9CB4-1822936485D7}.Debug|Any CPU.Build.0 = Debug|Any CPU
		{76CFAA1C-9D65-4A75-9CB4-1822936485D7}.Release|Any CPU.ActiveCfg = Release|Any CPU
		{76CFAA1C-9D65-4A75-9CB4-1822936485D7}.Release|Any CPU.Build.0 = Release|Any CPU
		{B4159B7F-C44C-4FE0-BED9-22F0FD60B5CF}.Debug|Any CPU.ActiveCfg = Debug|Any CPU
		{B4159B7F-C44C-4FE0-BED9-22F0FD60B5CF}.Debug|Any CPU.Build.0 = Debug|Any CPU
		{B4159B7F-C44C-4FE0-BED9-22F0FD60B5CF}.Release|Any CPU.ActiveCfg = Release|Any CPU
		{B4159B7F-C44C-4FE0-BED9-22F0FD60B5CF}.Release|Any CPU.Build.0 = Release|Any CPU
		{EC4B97F0-6381-4C45-9CDA-992E607671FF}.Debug|Any CPU.ActiveCfg = Debug|Any CPU
		{EC4B97F0-6381-4C45-9CDA-992E607671FF}.Debug|Any CPU.Build.0 = Debug|Any CPU
		{EC4B97F0-6381-4C45-9CDA-992E607671FF}.Release|Any CPU.ActiveCfg = Release|Any CPU
		{EC4B97F0-6381-4C45-9CDA-992E607671FF}.Release|Any CPU.Build.0 = Release|Any CPU
	EndGlobalSection
EndGlobal
